
Microsoft Visual Studio Solution File, Format Version 12.00
# Visual Studio 15
VisualStudioVersion = 15.0.26124.0
MinimumVisualStudioVersion = 15.0.26124.0
Project("{9A19103F-16F7-4668-BE54-9A1E7A4F7556}") = "Quamotion.Malaga", "Quamotion.Malaga\Quamotion.Malaga.csproj", "{2C58B8EA-BFE9-4F70-B111-5860C3760266}"
EndProject
Project("{9A19103F-16F7-4668-BE54-9A1E7A4F7556}") = "Quamotion.Malaga.Demo", "Quamotion.Malaga.Demo\Quamotion.Malaga.Demo.csproj", "{75A303CE-2800-40CB-B4EA-E20B3018E731}"
EndProject
Global
	GlobalSection(SolutionConfigurationPlatforms) = preSolution
		Debug|Any CPU = Debug|Any CPU
		Debug|x64 = Debug|x64
		Debug|x86 = Debug|x86
		Release|Any CPU = Release|Any CPU
		Release|x64 = Release|x64
		Release|x86 = Release|x86
	EndGlobalSection
	GlobalSection(ProjectConfigurationPlatforms) = postSolution
		{2C58B8EA-BFE9-4F70-B111-5860C3760266}.Debug|Any CPU.ActiveCfg = Debug|Any CPU
		{2C58B8EA-BFE9-4F70-B111-5860C3760266}.Debug|Any CPU.Build.0 = Debug|Any CPU
		{2C58B8EA-BFE9-4F70-B111-5860C3760266}.Debug|x64.ActiveCfg = Debug|Any CPU
		{2C58B8EA-BFE9-4F70-B111-5860C3760266}.Debug|x64.Build.0 = Debug|Any CPU
		{2C58B8EA-BFE9-4F70-B111-5860C3760266}.Debug|x86.ActiveCfg = Debug|Any CPU
		{2C58B8EA-BFE9-4F70-B111-5860C3760266}.Debug|x86.Build.0 = Debug|Any CPU
		{2C58B8EA-BFE9-4F70-B111-5860C3760266}.Release|Any CPU.ActiveCfg = Release|Any CPU
		{2C58B8EA-BFE9-4F70-B111-5860C3760266}.Release|Any CPU.Build.0 = Release|Any CPU
		{2C58B8EA-BFE9-4F70-B111-5860C3760266}.Release|x64.ActiveCfg = Release|Any CPU
		{2C58B8EA-BFE9-4F70-B111-5860C3760266}.Release|x64.Build.0 = Release|Any CPU
		{2C58B8EA-BFE9-4F70-B111-5860C3760266}.Release|x86.ActiveCfg = Release|Any CPU
		{2C58B8EA-BFE9-4F70-B111-5860C3760266}.Release|x86.Build.0 = Release|Any CPU
		{75A303CE-2800-40CB-B4EA-E20B3018E731}.Debug|Any CPU.ActiveCfg = Debug|Any CPU
		{75A303CE-2800-40CB-B4EA-E20B3018E731}.Debug|Any CPU.Build.0 = Debug|Any CPU
		{75A303CE-2800-40CB-B4EA-E20B3018E731}.Debug|x64.ActiveCfg = Debug|Any CPU
		{75A303CE-2800-40CB-B4EA-E20B3018E731}.Debug|x64.Build.0 = Debug|Any CPU
		{75A303CE-2800-40CB-B4EA-E20B3018E731}.Debug|x86.ActiveCfg = Debug|Any CPU
		{75A303CE-2800-40CB-B4EA-E20B3018E731}.Debug|x86.Build.0 = Debug|Any CPU
		{75A303CE-2800-40CB-B4EA-E20B3018E731}.Release|Any CPU.ActiveCfg = Release|Any CPU
		{75A303CE-2800-40CB-B4EA-E20B3018E731}.Release|Any CPU.Build.0 = Release|Any CPU
		{75A303CE-2800-40CB-B4EA-E20B3018E731}.Release|x64.ActiveCfg = Release|Any CPU
		{75A303CE-2800-40CB-B4EA-E20B3018E731}.Release|x64.Build.0 = Release|Any CPU
		{75A303CE-2800-40CB-B4EA-E20B3018E731}.Release|x86.ActiveCfg = Release|Any CPU
		{75A303CE-2800-40CB-B4EA-E20B3018E731}.Release|x86.Build.0 = Release|Any CPU
	EndGlobalSection
	GlobalSection(SolutionProperties) = preSolution
		HideSolutionNode = FALSE
	EndGlobalSection
	GlobalSection(ExtensibilityGlobals) = postSolution
		SolutionGuid = {5A42CAA8-B28E-4A09-ABDE-43A4660CBD0F}
	EndGlobalSection
EndGlobal
